
Microsoft Visual Studio Solution File, Format Version 12.00
Project("{2150E333-8FDC-42A3-9474-1A3956D46DE8}") = "Services", "Services", "{481FDF7C-EABF-49BE-B2F1-3ED83E140F8A}"
EndProject
Project("{2150E333-8FDC-42A3-9474-1A3956D46DE8}") = "Beer", "Beer", "{FE49D787-A473-4A96-ACF3-D67248F31DAB}"
EndProject
Project("{2150E333-8FDC-42A3-9474-1A3956D46DE8}") = "Auth", "Auth", "{4D8C4BEE-AC08-4436-ACC9-8E2B376D0F24}"
EndProject
Project("{2150E333-8FDC-42A3-9474-1A3956D46DE8}") = "Recommendation", "Recommendation", "{53743B18-C9E1-4E9C-B693-0C7F10CAEE36}"
EndProject
Project("{2150E333-8FDC-42A3-9474-1A3956D46DE8}") = "User", "User", "{1BB1866C-FCF9-4513-B70C-1173CF005D1B}"
EndProject
Project("{FAE04EC0-301F-11D3-BF4B-00C04F79EFBC}") = "Beer.API", "Beer.API\Beer.API.csproj", "{A5F6923A-4DE2-4D4A-A2BD-1A9C00A9FC00}"
EndProject
Project("{FAE04EC0-301F-11D3-BF4B-00C04F79EFBC}") = "User.API", "User.API\User.API.csproj", "{7CEEE6DB-B791-425B-85DE-B575EF322280}"
EndProject
Project("{FAE04EC0-301F-11D3-BF4B-00C04F79EFBC}") = "User.Domain", "User.Domain\User.Domain.csproj", "{A6E66EF0-FA2E-4457-BD0F-024C58B02F92}"
EndProject
Project("{FAE04EC0-301F-11D3-BF4B-00C04F79EFBC}") = "User.Infrastructure", "User.Infrastructure\User.Infrastructure.csproj", "{E4FEB5E9-0096-41E8-B0B7-D0E64FEBA295}"
EndProject
Project("{FAE04EC0-301F-11D3-BF4B-00C04F79EFBC}") = "User.BusinessLogic", "User.BusinessLogic\User.BusinessLogic.csproj", "{A8E38AB5-E427-49F5-A013-07D170B41387}"
EndProject
Global
	GlobalSection(SolutionConfigurationPlatforms) = preSolution
		Debug|Any CPU = Debug|Any CPU
		Release|Any CPU = Release|Any CPU
	EndGlobalSection
	GlobalSection(NestedProjects) = preSolution
		{FE49D787-A473-4A96-ACF3-D67248F31DAB} = {481FDF7C-EABF-49BE-B2F1-3ED83E140F8A}
		{4D8C4BEE-AC08-4436-ACC9-8E2B376D0F24} = {481FDF7C-EABF-49BE-B2F1-3ED83E140F8A}
		{53743B18-C9E1-4E9C-B693-0C7F10CAEE36} = {481FDF7C-EABF-49BE-B2F1-3ED83E140F8A}
		{1BB1866C-FCF9-4513-B70C-1173CF005D1B} = {481FDF7C-EABF-49BE-B2F1-3ED83E140F8A}
		{A5F6923A-4DE2-4D4A-A2BD-1A9C00A9FC00} = {FE49D787-A473-4A96-ACF3-D67248F31DAB}
		{7CEEE6DB-B791-425B-85DE-B575EF322280} = {1BB1866C-FCF9-4513-B70C-1173CF005D1B}
		{A6E66EF0-FA2E-4457-BD0F-024C58B02F92} = {1BB1866C-FCF9-4513-B70C-1173CF005D1B}
		{E4FEB5E9-0096-41E8-B0B7-D0E64FEBA295} = {1BB1866C-FCF9-4513-B70C-1173CF005D1B}
		{A8E38AB5-E427-49F5-A013-07D170B41387} = {1BB1866C-FCF9-4513-B70C-1173CF005D1B}
	EndGlobalSection
	GlobalSection(ProjectConfigurationPlatforms) = postSolution
		{A5F6923A-4DE2-4D4A-A2BD-1A9C00A9FC00}.Debug|Any CPU.ActiveCfg = Debug|Any CPU
		{A5F6923A-4DE2-4D4A-A2BD-1A9C00A9FC00}.Debug|Any CPU.Build.0 = Debug|Any CPU
		{A5F6923A-4DE2-4D4A-A2BD-1A9C00A9FC00}.Release|Any CPU.ActiveCfg = Release|Any CPU
		{A5F6923A-4DE2-4D4A-A2BD-1A9C00A9FC00}.Release|Any CPU.Build.0 = Release|Any CPU
		{7CEEE6DB-B791-425B-85DE-B575EF322280}.Debug|Any CPU.ActiveCfg = Debug|Any CPU
		{7CEEE6DB-B791-425B-85DE-B575EF322280}.Debug|Any CPU.Build.0 = Debug|Any CPU
		{7CEEE6DB-B791-425B-85DE-B575EF322280}.Release|Any CPU.ActiveCfg = Release|Any CPU
		{7CEEE6DB-B791-425B-85DE-B575EF322280}.Release|Any CPU.Build.0 = Release|Any CPU
		{A6E66EF0-FA2E-4457-BD0F-024C58B02F92}.Debug|Any CPU.ActiveCfg = Debug|Any CPU
		{A6E66EF0-FA2E-4457-BD0F-024C58B02F92}.Debug|Any CPU.Build.0 = Debug|Any CPU
		{A6E66EF0-FA2E-4457-BD0F-024C58B02F92}.Release|Any CPU.ActiveCfg = Release|Any CPU
		{A6E66EF0-FA2E-4457-BD0F-024C58B02F92}.Release|Any CPU.Build.0 = Release|Any CPU
		{E4FEB5E9-0096-41E8-B0B7-D0E64FEBA295}.Debug|Any CPU.ActiveCfg = Debug|Any CPU
		{E4FEB5E9-0096-41E8-B0B7-D0E64FEBA295}.Debug|Any CPU.Build.0 = Debug|Any CPU
		{E4FEB5E9-0096-41E8-B0B7-D0E64FEBA295}.Release|Any CPU.ActiveCfg = Release|Any CPU
		{E4FEB5E9-0096-41E8-B0B7-D0E64FEBA295}.Release|Any CPU.Build.0 = Release|Any CPU
		{A8E38AB5-E427-49F5-A013-07D170B41387}.Debug|Any CPU.ActiveCfg = Debug|Any CPU
		{A8E38AB5-E427-49F5-A013-07D170B41387}.Debug|Any CPU.Build.0 = Debug|Any CPU
		{A8E38AB5-E427-49F5-A013-07D170B41387}.Release|Any CPU.ActiveCfg = Release|Any CPU
		{A8E38AB5-E427-49F5-A013-07D170B41387}.Release|Any CPU.Build.0 = Release|Any CPU
	EndGlobalSection
EndGlobal
